
Microsoft Visual Studio Solution File, Format Version 12.00
# Visual Studio Version 16
VisualStudioVersion = 16.6.30114.105
MinimumVisualStudioVersion = 10.0.40219.1
Project("{FAE04EC0-301F-11D3-BF4B-00C04F79EFBC}") = "API", "API\API.csproj", "{A51E1A9E-0DFD-453B-9A4B-45B247F8F42F}"
EndProject
Project("{FAE04EC0-301F-11D3-BF4B-00C04F79EFBC}") = "Core", "Core\Core.csproj", "{1A7EA50E-9590-47DF-92C2-2006C2C6179A}"
EndProject
Project("{FAE04EC0-301F-11D3-BF4B-00C04F79EFBC}") = "Infrastructure", "Infrastructure\Infrastructure.csproj", "{302445FC-13E2-40F1-9971-0F6BD4991DA6}"
EndProject
Global
	GlobalSection(SolutionConfigurationPlatforms) = preSolution
		Debug|Any CPU = Debug|Any CPU
		Debug|x64 = Debug|x64
		Debug|x86 = Debug|x86
		Release|Any CPU = Release|Any CPU
		Release|x64 = Release|x64
		Release|x86 = Release|x86
	EndGlobalSection
	GlobalSection(SolutionProperties) = preSolution
		HideSolutionNode = FALSE
	EndGlobalSection
	GlobalSection(ProjectConfigurationPlatforms) = postSolution
		{A51E1A9E-0DFD-453B-9A4B-45B247F8F42F}.Debug|Any CPU.ActiveCfg = Debug|Any CPU
		{A51E1A9E-0DFD-453B-9A4B-45B247F8F42F}.Debug|Any CPU.Build.0 = Debug|Any CPU
		{A51E1A9E-0DFD-453B-9A4B-45B247F8F42F}.Debug|x64.ActiveCfg = Debug|Any CPU
		{A51E1A9E-0DFD-453B-9A4B-45B247F8F42F}.Debug|x64.Build.0 = Debug|Any CPU
		{A51E1A9E-0DFD-453B-9A4B-45B247F8F42F}.Debug|x86.ActiveCfg = Debug|Any CPU
		{A51E1A9E-0DFD-453B-9A4B-45B247F8F42F}.Debug|x86.Build.0 = Debug|Any CPU
		{A51E1A9E-0DFD-453B-9A4B-45B247F8F42F}.Release|Any CPU.ActiveCfg = Release|Any CPU
		{A51E1A9E-0DFD-453B-9A4B-45B247F8F42F}.Release|Any CPU.Build.0 = Release|Any CPU
		{A51E1A9E-0DFD-453B-9A4B-45B247F8F42F}.Release|x64.ActiveCfg = Release|Any CPU
		{A51E1A9E-0DFD-453B-9A4B-45B247F8F42F}.Release|x64.Build.0 = Release|Any CPU
		{A51E1A9E-0DFD-453B-9A4B-45B247F8F42F}.Release|x86.ActiveCfg = Release|Any CPU
		{A51E1A9E-0DFD-453B-9A4B-45B247F8F42F}.Release|x86.Build.0 = Release|Any CPU
		{1A7EA50E-9590-47DF-92C2-2006C2C6179A}.Debug|Any CPU.ActiveCfg = Debug|Any CPU
		{1A7EA50E-9590-47DF-92C2-2006C2C6179A}.Debug|Any CPU.Build.0 = Debug|Any CPU
		{1A7EA50E-9590-47DF-92C2-2006C2C6179A}.Debug|x64.ActiveCfg = Debug|Any CPU
		{1A7EA50E-9590-47DF-92C2-2006C2C6179A}.Debug|x64.Build.0 = Debug|Any CPU
		{1A7EA50E-9590-47DF-92C2-2006C2C6179A}.Debug|x86.ActiveCfg = Debug|Any CPU
		{1A7EA50E-9590-47DF-92C2-2006C2C6179A}.Debug|x86.Build.0 = Debug|Any CPU
		{1A7EA50E-9590-47DF-92C2-2006C2C6179A}.Release|Any CPU.ActiveCfg = Release|Any CPU
		{1A7EA50E-9590-47DF-92C2-2006C2C6179A}.Release|Any CPU.Build.0 = Release|Any CPU
		{1A7EA50E-9590-47DF-92C2-2006C2C6179A}.Release|x64.ActiveCfg = Release|Any CPU
		{1A7EA50E-9590-47DF-92C2-2006C2C6179A}.Release|x64.Build.0 = Release|Any CPU
		{1A7EA50E-9590-47DF-92C2-2006C2C6179A}.Release|x86.ActiveCfg = Release|Any CPU
		{1A7EA50E-9590-47DF-92C2-2006C2C6179A}.Release|x86.Build.0 = Release|Any CPU
		{302445FC-13E2-40F1-9971-0F6BD4991DA6}.Debug|Any CPU.ActiveCfg = Debug|Any CPU
		{302445FC-13E2-40F1-9971-0F6BD4991DA6}.Debug|Any CPU.Build.0 = Debug|Any CPU
		{302445FC-13E2-40F1-9971-0F6BD4991DA6}.Debug|x64.ActiveCfg = Debug|Any CPU
		{302445FC-13E2-40F1-9971-0F6BD4991DA6}.Debug|x64.Build.0 = Debug|Any CPU
		{302445FC-13E2-40F1-9971-0F6BD4991DA6}.Debug|x86.ActiveCfg = Debug|Any CPU
		{302445FC-13E2-40F1-9971-0F6BD4991DA6}.Debug|x86.Build.0 = Debug|Any CPU
		{302445FC-13E2-40F1-9971-0F6BD4991DA6}.Release|Any CPU.ActiveCfg = Release|Any CPU
		{302445FC-13E2-40F1-9971-0F6BD4991DA6}.Release|Any CPU.Build.0 = Release|Any CPU
		{302445FC-13E2-40F1-9971-0F6BD4991DA6}.Release|x64.ActiveCfg = Release|Any CPU
		{302445FC-13E2-40F1-9971-0F6BD4991DA6}.Release|x64.Build.0 = Release|Any CPU
		{302445FC-13E2-40F1-9971-0F6BD4991DA6}.Release|x86.ActiveCfg = Release|Any CPU
		{302445FC-13E2-40F1-9971-0F6BD4991DA6}.Release|x86.Build.0 = Release|Any CPU
	EndGlobalSection
EndGlobal
